
Microsoft Visual Studio Solution File, Format Version 12.00
# Visual Studio Version 17
VisualStudioVersion = 17.13.35919.96 d17.13
MinimumVisualStudioVersion = 10.0.40219.1
Project("{FAE04EC0-301F-11D3-BF4B-00C04F79EFBC}") = "Design_Patten_Builder", "Design_Patten_Builder\Design_Patten_Builder.csproj", "{543C2E29-4A65-41C5-936E-B28B5F7AE70C}"
EndProject
Global
	GlobalSection(SolutionConfigurationPlatforms) = preSolution
		Debug|Any CPU = Debug|Any CPU
		Release|Any CPU = Release|Any CPU
	EndGlobalSection
	GlobalSection(ProjectConfigurationPlatforms) = postSolution
		{543C2E29-4A65-41C5-936E-B28B5F7AE70C}.Debug|Any CPU.ActiveCfg = Debug|Any CPU
		{543C2E29-4A65-41C5-936E-B28B5F7AE70C}.Debug|Any CPU.Build.0 = Debug|Any CPU
		{543C2E29-4A65-41C5-936E-B28B5F7AE70C}.Release|Any CPU.ActiveCfg = Release|Any CPU
		{543C2E29-4A65-41C5-936E-B28B5F7AE70C}.Release|Any CPU.Build.0 = Release|Any CPU
	EndGlobalSection
	GlobalSection(SolutionProperties) = preSolution
		HideSolutionNode = FALSE
	EndGlobalSection
	GlobalSection(ExtensibilityGlobals) = postSolution
		SolutionGuid = {8EF4AC79-5BA1-4780-87FA-6AC33C11E859}
	EndGlobalSection
EndGlobal
