
Microsoft Visual Studio Solution File, Format Version 12.00
# Visual Studio Version 17
VisualStudioVersion = 17.10.34928.147
MinimumVisualStudioVersion = 10.0.40219.1
Project("{FAE04EC0-301F-11D3-BF4B-00C04F79EFBC}") = "0402_계좌관리프로그램", "0402_계좌관리프로그램\0402_계좌관리프로그램.csproj", "{2F839FEF-8220-403A-822C-33062D03960B}"
EndProject
Global
	GlobalSection(SolutionConfigurationPlatforms) = preSolution
		Debug|Any CPU = Debug|Any CPU
		Release|Any CPU = Release|Any CPU
	EndGlobalSection
	GlobalSection(ProjectConfigurationPlatforms) = postSolution
		{2F839FEF-8220-403A-822C-33062D03960B}.Debug|Any CPU.ActiveCfg = Debug|Any CPU
		{2F839FEF-8220-403A-822C-33062D03960B}.Debug|Any CPU.Build.0 = Debug|Any CPU
		{2F839FEF-8220-403A-822C-33062D03960B}.Release|Any CPU.ActiveCfg = Release|Any CPU
		{2F839FEF-8220-403A-822C-33062D03960B}.Release|Any CPU.Build.0 = Release|Any CPU
	EndGlobalSection
	GlobalSection(SolutionProperties) = preSolution
		HideSolutionNode = FALSE
	EndGlobalSection
	GlobalSection(ExtensibilityGlobals) = postSolution
		SolutionGuid = {7DDA4182-B219-4A6A-B813-777D2ECE02B5}
	EndGlobalSection
EndGlobal
