
Microsoft Visual Studio Solution File, Format Version 12.00
# Visual Studio Version 17
VisualStudioVersion = 17.13.35931.197 d17.13
MinimumVisualStudioVersion = 10.0.40219.1
Project("{FAE04EC0-301F-11D3-BF4B-00C04F79EFBC}") = "SampleCode_Value_Reference", "SampleCode_Value_Reference\SampleCode_Value_Reference.csproj", "{DA220D6C-CE3B-41E0-B289-B006E46F7643}"
EndProject
Global
	GlobalSection(SolutionConfigurationPlatforms) = preSolution
		Debug|Any CPU = Debug|Any CPU
		Release|Any CPU = Release|Any CPU
	EndGlobalSection
	GlobalSection(ProjectConfigurationPlatforms) = postSolution
		{DA220D6C-CE3B-41E0-B289-B006E46F7643}.Debug|Any CPU.ActiveCfg = Debug|Any CPU
		{DA220D6C-CE3B-41E0-B289-B006E46F7643}.Debug|Any CPU.Build.0 = Debug|Any CPU
		{DA220D6C-CE3B-41E0-B289-B006E46F7643}.Release|Any CPU.ActiveCfg = Release|Any CPU
		{DA220D6C-CE3B-41E0-B289-B006E46F7643}.Release|Any CPU.Build.0 = Release|Any CPU
	EndGlobalSection
	GlobalSection(SolutionProperties) = preSolution
		HideSolutionNode = FALSE
	EndGlobalSection
	GlobalSection(ExtensibilityGlobals) = postSolution
		SolutionGuid = {D7D5CC31-D6F6-4DD1-A385-5019AE1339D5}
	EndGlobalSection
EndGlobal
